
Microsoft Visual Studio Solution File, Format Version 12.00
# Visual Studio Version 17
VisualStudioVersion = 17.0.32112.339
MinimumVisualStudioVersion = 10.0.40219.1
Project("{FAE04EC0-301F-11D3-BF4B-00C04F79EFBC}") = "Shiro", "Shiro\Shiro.csproj", "{7B133664-8BA9-4C31-9C96-0702A8F7F44C}"
EndProject
Project("{8BC9CEB8-8B4A-11D0-8D11-00A0C91BC942}") = "pa7", "..\RenderEngine\pa7\pa7.vcxproj", "{3EFF0221-217D-4803-BCCE-28A2AA35F12A}"
EndProject
Global
	GlobalSection(SolutionConfigurationPlatforms) = preSolution
		Debug|Any CPU = Debug|Any CPU
		Debug|x64 = Debug|x64
		Debug|x86 = Debug|x86
		Release|Any CPU = Release|Any CPU
		Release|x64 = Release|x64
		Release|x86 = Release|x86
	EndGlobalSection
	GlobalSection(ProjectConfigurationPlatforms) = postSolution
		{7B133664-8BA9-4C31-9C96-0702A8F7F44C}.Debug|Any CPU.ActiveCfg = Debug|Any CPU
		{7B133664-8BA9-4C31-9C96-0702A8F7F44C}.Debug|Any CPU.Build.0 = Debug|Any CPU
		{7B133664-8BA9-4C31-9C96-0702A8F7F44C}.Debug|x64.ActiveCfg = Debug|Any CPU
		{7B133664-8BA9-4C31-9C96-0702A8F7F44C}.Debug|x64.Build.0 = Debug|Any CPU
		{7B133664-8BA9-4C31-9C96-0702A8F7F44C}.Debug|x86.ActiveCfg = Debug|Any CPU
		{7B133664-8BA9-4C31-9C96-0702A8F7F44C}.Debug|x86.Build.0 = Debug|Any CPU
		{7B133664-8BA9-4C31-9C96-0702A8F7F44C}.Release|Any CPU.ActiveCfg = Release|Any CPU
		{7B133664-8BA9-4C31-9C96-0702A8F7F44C}.Release|Any CPU.Build.0 = Release|Any CPU
		{7B133664-8BA9-4C31-9C96-0702A8F7F44C}.Release|x64.ActiveCfg = Release|Any CPU
		{7B133664-8BA9-4C31-9C96-0702A8F7F44C}.Release|x64.Build.0 = Release|Any CPU
		{7B133664-8BA9-4C31-9C96-0702A8F7F44C}.Release|x86.ActiveCfg = Release|Any CPU
		{7B133664-8BA9-4C31-9C96-0702A8F7F44C}.Release|x86.Build.0 = Release|Any CPU
		{3EFF0221-217D-4803-BCCE-28A2AA35F12A}.Debug|Any CPU.ActiveCfg = Debug|x64
		{3EFF0221-217D-4803-BCCE-28A2AA35F12A}.Debug|Any CPU.Build.0 = Debug|x64
		{3EFF0221-217D-4803-BCCE-28A2AA35F12A}.Debug|x64.ActiveCfg = Debug|x64
		{3EFF0221-217D-4803-BCCE-28A2AA35F12A}.Debug|x64.Build.0 = Debug|x64
		{3EFF0221-217D-4803-BCCE-28A2AA35F12A}.Debug|x86.ActiveCfg = Debug|Win32
		{3EFF0221-217D-4803-BCCE-28A2AA35F12A}.Debug|x86.Build.0 = Debug|Win32
		{3EFF0221-217D-4803-BCCE-28A2AA35F12A}.Release|Any CPU.ActiveCfg = Release|x64
		{3EFF0221-217D-4803-BCCE-28A2AA35F12A}.Release|Any CPU.Build.0 = Release|x64
		{3EFF0221-217D-4803-BCCE-28A2AA35F12A}.Release|x64.ActiveCfg = Release|x64
		{3EFF0221-217D-4803-BCCE-28A2AA35F12A}.Release|x64.Build.0 = Release|x64
		{3EFF0221-217D-4803-BCCE-28A2AA35F12A}.Release|x86.ActiveCfg = Release|Win32
		{3EFF0221-217D-4803-BCCE-28A2AA35F12A}.Release|x86.Build.0 = Release|Win32
	EndGlobalSection
	GlobalSection(SolutionProperties) = preSolution
		HideSolutionNode = FALSE
	EndGlobalSection
	GlobalSection(ExtensibilityGlobals) = postSolution
		SolutionGuid = {BE88284F-14C5-4F10-9667-9A0E4CB70855}
	EndGlobalSection
EndGlobal
